
Microsoft Visual Studio Solution File, Format Version 12.00
# Visual Studio Version 17
VisualStudioVersion = 17.7.34009.444
MinimumVisualStudioVersion = 10.0.40219.1
Project("{FAE04EC0-301F-11D3-BF4B-00C04F79EFBC}") = "consumeRESTAPI_ClientSide", "consumeRESTAPI_ClientSide\consumeRESTAPI_ClientSide.csproj", "{32A0C0A3-E071-4415-8F9F-33F15AAD6B6C}"
EndProject
Global
	GlobalSection(SolutionConfigurationPlatforms) = preSolution
		Debug|Any CPU = Debug|Any CPU
		Release|Any CPU = Release|Any CPU
	EndGlobalSection
	GlobalSection(ProjectConfigurationPlatforms) = postSolution
		{32A0C0A3-E071-4415-8F9F-33F15AAD6B6C}.Debug|Any CPU.ActiveCfg = Debug|Any CPU
		{32A0C0A3-E071-4415-8F9F-33F15AAD6B6C}.Debug|Any CPU.Build.0 = Debug|Any CPU
		{32A0C0A3-E071-4415-8F9F-33F15AAD6B6C}.Release|Any CPU.ActiveCfg = Release|Any CPU
		{32A0C0A3-E071-4415-8F9F-33F15AAD6B6C}.Release|Any CPU.Build.0 = Release|Any CPU
	EndGlobalSection
	GlobalSection(SolutionProperties) = preSolution
		HideSolutionNode = FALSE
	EndGlobalSection
	GlobalSection(ExtensibilityGlobals) = postSolution
		SolutionGuid = {BF1BA80D-771C-43C9-B5C8-C8EADEAA970C}
	EndGlobalSection
EndGlobal
