
Microsoft Visual Studio Solution File, Format Version 12.00
# Visual Studio Version 17
VisualStudioVersion = 17.7.34009.444
MinimumVisualStudioVersion = 10.0.40219.1
Project("{FAE04EC0-301F-11D3-BF4B-00C04F79EFBC}") = "consumeAPI_learn_CORS", "consumeAPI_learn_CORS\consumeAPI_learn_CORS.csproj", "{221B25DA-B35D-4727-A89F-8CE64FB0DB18}"
EndProject
Global
	GlobalSection(SolutionConfigurationPlatforms) = preSolution
		Debug|Any CPU = Debug|Any CPU
		Release|Any CPU = Release|Any CPU
	EndGlobalSection
	GlobalSection(ProjectConfigurationPlatforms) = postSolution
		{221B25DA-B35D-4727-A89F-8CE64FB0DB18}.Debug|Any CPU.ActiveCfg = Debug|Any CPU
		{221B25DA-B35D-4727-A89F-8CE64FB0DB18}.Debug|Any CPU.Build.0 = Debug|Any CPU
		{221B25DA-B35D-4727-A89F-8CE64FB0DB18}.Release|Any CPU.ActiveCfg = Release|Any CPU
		{221B25DA-B35D-4727-A89F-8CE64FB0DB18}.Release|Any CPU.Build.0 = Release|Any CPU
	EndGlobalSection
	GlobalSection(SolutionProperties) = preSolution
		HideSolutionNode = FALSE
	EndGlobalSection
	GlobalSection(ExtensibilityGlobals) = postSolution
		SolutionGuid = {F85DED7F-899C-4DCA-8E7B-40B417693228}
	EndGlobalSection
EndGlobal
