
Microsoft Visual Studio Solution File, Format Version 12.00
# Visual Studio Version 17
VisualStudioVersion = 17.7.34009.444
MinimumVisualStudioVersion = 10.0.40219.1
Project("{FAE04EC0-301F-11D3-BF4B-00C04F79EFBC}") = "shoppingMVC_DI", "shoppingMVC_DI\shoppingMVC_DI.csproj", "{DD94EF7F-1E62-4D16-8998-38BB1EB3E4AB}"
EndProject
Global
	GlobalSection(SolutionConfigurationPlatforms) = preSolution
		Debug|Any CPU = Debug|Any CPU
		Release|Any CPU = Release|Any CPU
	EndGlobalSection
	GlobalSection(ProjectConfigurationPlatforms) = postSolution
		{DD94EF7F-1E62-4D16-8998-38BB1EB3E4AB}.Debug|Any CPU.ActiveCfg = Debug|Any CPU
		{DD94EF7F-1E62-4D16-8998-38BB1EB3E4AB}.Debug|Any CPU.Build.0 = Debug|Any CPU
		{DD94EF7F-1E62-4D16-8998-38BB1EB3E4AB}.Release|Any CPU.ActiveCfg = Release|Any CPU
		{DD94EF7F-1E62-4D16-8998-38BB1EB3E4AB}.Release|Any CPU.Build.0 = Release|Any CPU
	EndGlobalSection
	GlobalSection(SolutionProperties) = preSolution
		HideSolutionNode = FALSE
	EndGlobalSection
	GlobalSection(ExtensibilityGlobals) = postSolution
		SolutionGuid = {D04B4A56-DD97-4259-BC8C-387FD158EF47}
	EndGlobalSection
EndGlobal
