
Microsoft Visual Studio Solution File, Format Version 12.00
# Visual Studio Version 17
VisualStudioVersion = 17.7.34009.444
MinimumVisualStudioVersion = 10.0.40219.1
Project("{FAE04EC0-301F-11D3-BF4B-00C04F79EFBC}") = "shoppingAPI_CORS", "shoppingAPI_CORS\shoppingAPI_CORS.csproj", "{307742E5-419A-4F06-A1A4-6BA5C39E4C57}"
EndProject
Global
	GlobalSection(SolutionConfigurationPlatforms) = preSolution
		Debug|Any CPU = Debug|Any CPU
		Release|Any CPU = Release|Any CPU
	EndGlobalSection
	GlobalSection(ProjectConfigurationPlatforms) = postSolution
		{307742E5-419A-4F06-A1A4-6BA5C39E4C57}.Debug|Any CPU.ActiveCfg = Debug|Any CPU
		{307742E5-419A-4F06-A1A4-6BA5C39E4C57}.Debug|Any CPU.Build.0 = Debug|Any CPU
		{307742E5-419A-4F06-A1A4-6BA5C39E4C57}.Release|Any CPU.ActiveCfg = Release|Any CPU
		{307742E5-419A-4F06-A1A4-6BA5C39E4C57}.Release|Any CPU.Build.0 = Release|Any CPU
	EndGlobalSection
	GlobalSection(SolutionProperties) = preSolution
		HideSolutionNode = FALSE
	EndGlobalSection
	GlobalSection(ExtensibilityGlobals) = postSolution
		SolutionGuid = {2AA76861-504F-4358-ACB4-8CB10CC3DE41}
	EndGlobalSection
EndGlobal
